
Microsoft Visual Studio Solution File, Format Version 12.00
# Visual Studio Version 16
VisualStudioVersion = 16.0.31402.337
MinimumVisualStudioVersion = 10.0.40219.1
Project("{FAE04EC0-301F-11D3-BF4B-00C04F79EFBC}") = "TelegramBot", "ThirtifirsthApplication.ConsoleApp\TelegramBot.csproj", "{348B8F8C-4338-4AE0-ADAA-68B9F56AE227}"
EndProject
Project("{FAE04EC0-301F-11D3-BF4B-00C04F79EFBC}") = "EnglishTrainer.Model", "TelegramBot.EnglishTrainer.Model\EnglishTrainer.Model.csproj", "{7571258B-CC1A-44FB-8C9B-19A1EF0EC57E}"
EndProject
Project("{FAE04EC0-301F-11D3-BF4B-00C04F79EFBC}") = "Commands", "TelegramBot.Commands\Commands.csproj", "{ADE2F456-0DA8-4EF4-BBB8-92AF01F3AD77}"
EndProject
Global
	GlobalSection(SolutionConfigurationPlatforms) = preSolution
		Debug|Any CPU = Debug|Any CPU
		Release|Any CPU = Release|Any CPU
	EndGlobalSection
	GlobalSection(ProjectConfigurationPlatforms) = postSolution
		{348B8F8C-4338-4AE0-ADAA-68B9F56AE227}.Debug|Any CPU.ActiveCfg = Debug|Any CPU
		{348B8F8C-4338-4AE0-ADAA-68B9F56AE227}.Debug|Any CPU.Build.0 = Debug|Any CPU
		{348B8F8C-4338-4AE0-ADAA-68B9F56AE227}.Release|Any CPU.ActiveCfg = Release|Any CPU
		{348B8F8C-4338-4AE0-ADAA-68B9F56AE227}.Release|Any CPU.Build.0 = Release|Any CPU
		{7571258B-CC1A-44FB-8C9B-19A1EF0EC57E}.Debug|Any CPU.ActiveCfg = Debug|Any CPU
		{7571258B-CC1A-44FB-8C9B-19A1EF0EC57E}.Debug|Any CPU.Build.0 = Debug|Any CPU
		{7571258B-CC1A-44FB-8C9B-19A1EF0EC57E}.Release|Any CPU.ActiveCfg = Release|Any CPU
		{7571258B-CC1A-44FB-8C9B-19A1EF0EC57E}.Release|Any CPU.Build.0 = Release|Any CPU
		{ADE2F456-0DA8-4EF4-BBB8-92AF01F3AD77}.Debug|Any CPU.ActiveCfg = Debug|Any CPU
		{ADE2F456-0DA8-4EF4-BBB8-92AF01F3AD77}.Debug|Any CPU.Build.0 = Debug|Any CPU
		{ADE2F456-0DA8-4EF4-BBB8-92AF01F3AD77}.Release|Any CPU.ActiveCfg = Release|Any CPU
		{ADE2F456-0DA8-4EF4-BBB8-92AF01F3AD77}.Release|Any CPU.Build.0 = Release|Any CPU
	EndGlobalSection
	GlobalSection(SolutionProperties) = preSolution
		HideSolutionNode = FALSE
	EndGlobalSection
	GlobalSection(ExtensibilityGlobals) = postSolution
		SolutionGuid = {19C8EAB0-6FEB-4AC0-AB1B-DE72340FC831}
	EndGlobalSection
EndGlobal
